
Microsoft Visual Studio Solution File, Format Version 12.00
# Visual Studio Version 17
VisualStudioVersion = 17.9.34701.34
MinimumVisualStudioVersion = 10.0.40219.1
Project("{FAE04EC0-301F-11D3-BF4B-00C04F79EFBC}") = "Mortgage", "Mortgage\Mortgage.csproj", "{6F56E7A7-9121-4675-AC4E-F3977397B32D}"
EndProject
Global
	GlobalSection(SolutionConfigurationPlatforms) = preSolution
		Debug|Any CPU = Debug|Any CPU
		Release|Any CPU = Release|Any CPU
	EndGlobalSection
	GlobalSection(ProjectConfigurationPlatforms) = postSolution
		{6F56E7A7-9121-4675-AC4E-F3977397B32D}.Debug|Any CPU.ActiveCfg = Debug|Any CPU
		{6F56E7A7-9121-4675-AC4E-F3977397B32D}.Debug|Any CPU.Build.0 = Debug|Any CPU
		{6F56E7A7-9121-4675-AC4E-F3977397B32D}.Release|Any CPU.ActiveCfg = Release|Any CPU
		{6F56E7A7-9121-4675-AC4E-F3977397B32D}.Release|Any CPU.Build.0 = Release|Any CPU
	EndGlobalSection
	GlobalSection(SolutionProperties) = preSolution
		HideSolutionNode = FALSE
	EndGlobalSection
	GlobalSection(ExtensibilityGlobals) = postSolution
		SolutionGuid = {E2FADDB6-4B29-41B8-91B6-A364BD6C97AB}
	EndGlobalSection
EndGlobal
